
Microsoft Visual Studio Solution File, Format Version 12.00
# Visual Studio Version 17
VisualStudioVersion = 17.1.32407.343
MinimumVisualStudioVersion = 10.0.40219.1
Project("{FAE04EC0-301F-11D3-BF4B-00C04F79EFBC}") = "AULA 04 e 05", "AULA 04 e 05\AULA 04 e 05.csproj", "{7B126635-427C-4FAF-8021-3FDE1E2B48CD}"
EndProject
Project("{FAE04EC0-301F-11D3-BF4B-00C04F79EFBC}") = "AULA05", "AULA05\AULA05.csproj", "{CE0DC963-3451-4C32-B1CC-9059354B241A}"
EndProject
Global
	GlobalSection(SolutionConfigurationPlatforms) = preSolution
		Debug|Any CPU = Debug|Any CPU
		Release|Any CPU = Release|Any CPU
	EndGlobalSection
	GlobalSection(ProjectConfigurationPlatforms) = postSolution
		{7B126635-427C-4FAF-8021-3FDE1E2B48CD}.Debug|Any CPU.ActiveCfg = Debug|Any CPU
		{7B126635-427C-4FAF-8021-3FDE1E2B48CD}.Debug|Any CPU.Build.0 = Debug|Any CPU
		{7B126635-427C-4FAF-8021-3FDE1E2B48CD}.Release|Any CPU.ActiveCfg = Release|Any CPU
		{7B126635-427C-4FAF-8021-3FDE1E2B48CD}.Release|Any CPU.Build.0 = Release|Any CPU
		{CE0DC963-3451-4C32-B1CC-9059354B241A}.Debug|Any CPU.ActiveCfg = Debug|Any CPU
		{CE0DC963-3451-4C32-B1CC-9059354B241A}.Debug|Any CPU.Build.0 = Debug|Any CPU
		{CE0DC963-3451-4C32-B1CC-9059354B241A}.Release|Any CPU.ActiveCfg = Release|Any CPU
		{CE0DC963-3451-4C32-B1CC-9059354B241A}.Release|Any CPU.Build.0 = Release|Any CPU
	EndGlobalSection
	GlobalSection(SolutionProperties) = preSolution
		HideSolutionNode = FALSE
	EndGlobalSection
	GlobalSection(ExtensibilityGlobals) = postSolution
		SolutionGuid = {951B3459-70FE-48E7-B50D-83D2A863D331}
	EndGlobalSection
EndGlobal
